
Microsoft Visual Studio Solution File, Format Version 12.00
# Visual Studio Version 17
VisualStudioVersion = 17.11.35327.3
MinimumVisualStudioVersion = 10.0.40219.1
Project("{FAE04EC0-301F-11D3-BF4B-00C04F79EFBC}") = "Module1Review", "Module1Review\Module1Review.csproj", "{05D8CAEA-B2F4-4D9E-BD86-30FF2F6B9D6B}"
EndProject
Global
	GlobalSection(SolutionConfigurationPlatforms) = preSolution
		Debug|Any CPU = Debug|Any CPU
		Release|Any CPU = Release|Any CPU
	EndGlobalSection
	GlobalSection(ProjectConfigurationPlatforms) = postSolution
		{05D8CAEA-B2F4-4D9E-BD86-30FF2F6B9D6B}.Debug|Any CPU.ActiveCfg = Debug|Any CPU
		{05D8CAEA-B2F4-4D9E-BD86-30FF2F6B9D6B}.Debug|Any CPU.Build.0 = Debug|Any CPU
		{05D8CAEA-B2F4-4D9E-BD86-30FF2F6B9D6B}.Release|Any CPU.ActiveCfg = Release|Any CPU
		{05D8CAEA-B2F4-4D9E-BD86-30FF2F6B9D6B}.Release|Any CPU.Build.0 = Release|Any CPU
	EndGlobalSection
	GlobalSection(SolutionProperties) = preSolution
		HideSolutionNode = FALSE
	EndGlobalSection
	GlobalSection(ExtensibilityGlobals) = postSolution
		SolutionGuid = {1AFA9DFA-9926-49C6-870C-8988823B7061}
	EndGlobalSection
EndGlobal
